<?xml version="1.0" encoding="utf-8"?>
<Project ToolsVersion="4.0" xmlns="http://schemas.microsoft.com/developer/msbuild/2003">
  <ItemGroup>
    <Filter Include="Source Files">
      <UniqueIdentifier>{4FC737F1-C7A5-4376-A066-2A32D752A2FF}</UniqueIdentifier>
      <Extensions>cpp;c;cc;cxx;def;odl;idl;hpj;bat;asm;asmx</Extensions>
    </Filter>
    <Filter Include="Commands">
      <UniqueIdentifier>{50e822e0-34cc-46ce-b695-6b154a88b558}</UniqueIdentifier>
    </Filter>
    <Filter Include="States">
      <UniqueIdentifier>{b09bb5b5-3eb5-4d7d-968a-1bea909fd66d}</UniqueIdentifier>
    </Filter>
    <Filter Include="Observer">
      <UniqueIdentifier>{68a0fe8f-e1e6-4b30-8791-cb9f1be7d890}</UniqueIdentifier>
    </Filter>
    <Filter Include="Collision behavior">
      <UniqueIdentifier>{18730ce0-bd4b-41d5-aa74-e711b3243a9e}</UniqueIdentifier>
    </Filter>
  </ItemGroup>
  <ItemGroup>
    <ClCompile Include="Game.cpp">
      <Filter>Source Files</Filter>
    </ClCompile>
    <ClCompile Include="MoveState.cpp">
      <Filter>States</Filter>
    </ClCompile>
    <ClCompile Include="IdleState.cpp">
      <Filter>States</Filter>
    </ClCompile>
    <ClCompile Include="MoveRightCommand.cpp">
      <Filter>Commands</Filter>
    </ClCompile>
    <ClCompile Include="MoveLeftCommand.cpp">
      <Filter>Commands</Filter>
    </ClCompile>
    <ClCompile Include="MoveUpCommand.cpp">
      <Filter>Commands</Filter>
    </ClCompile>
    <ClCompile Include="MoveDownCommand.cpp">
      <Filter>Commands</Filter>
    </ClCompile>
    <ClCompile Include="StartIdleCommand.cpp">
      <Filter>Commands</Filter>
    </ClCompile>
    <ClCompile Include="ScoreObserver.cpp">
      <Filter>Observer</Filter>
    </ClCompile>
    <ClCompile Include="PlayerCollision.cpp">
      <Filter>Collision behavior</Filter>
    </ClCompile>
    <ClCompile Include="PickupCollision.cpp">
      <Filter>Collision behavior</Filter>
    </ClCompile>
    <ClCompile Include="LevelChangeObserver.cpp">
      <Filter>Observer</Filter>
    </ClCompile>
    <ClCompile Include="StartGameCommand.cpp">
      <Filter>Commands</Filter>
    </ClCompile>
  </ItemGroup>
  <ItemGroup>
    <ClInclude Include="MoveState.h">
      <Filter>States</Filter>
    </ClInclude>
    <ClInclude Include="IdleState.h">
      <Filter>States</Filter>
    </ClInclude>
    <ClInclude Include="MoveRightCommand.h">
      <Filter>Commands</Filter>
    </ClInclude>
    <ClInclude Include="MoveLeftCommand.h">
      <Filter>Commands</Filter>
    </ClInclude>
    <ClInclude Include="MoveUpCommand.h">
      <Filter>Commands</Filter>
    </ClInclude>
    <ClInclude Include="MoveDownCommand.h">
      <Filter>Commands</Filter>
    </ClInclude>
    <ClInclude Include="StartIdleCommand.h">
      <Filter>Commands</Filter>
    </ClInclude>
    <ClInclude Include="ScoreObserver.h">
      <Filter>Observer</Filter>
    </ClInclude>
    <ClInclude Include="PlayerCollision.h">
      <Filter>Collision behavior</Filter>
    </ClInclude>
    <ClInclude Include="PickupCollision.h">
      <Filter>Collision behavior</Filter>
    </ClInclude>
    <ClInclude Include="Enums.h">
      <Filter>Source Files</Filter>
    </ClInclude>
    <ClInclude Include="LevelChangeObserver.h">
      <Filter>Observer</Filter>
    </ClInclude>
    <ClInclude Include="StartGameCommand.h">
      <Filter>Commands</Filter>
    </ClInclude>
  </ItemGroup>
</Project>