<?xml version="1.0" encoding="utf-8"?>
<Project ToolsVersion="4.0" xmlns="http://schemas.microsoft.com/developer/msbuild/2003">
  <ItemGroup>
    <ClCompile Include="GameObject.cpp">
      <Filter>GameObject</Filter>
    </ClCompile>
    <ClCompile Include="Renderer.cpp">
      <Filter>Renderer</Filter>
    </ClCompile>
    <ClCompile Include="Scene.cpp">
      <Filter>Scene</Filter>
    </ClCompile>
    <ClCompile Include="ShiningEngine.cpp">
      <Filter>Engine</Filter>
    </ClCompile>
    <ClCompile Include="ShiningEnginePCH.cpp">
      <Filter>Engine</Filter>
    </ClCompile>
    <ClCompile Include="Texture2D.cpp">
      <Filter>Resources\Texture2D</Filter>
    </ClCompile>
    <ClCompile Include="Font.cpp">
      <Filter>Resources\Font</Filter>
    </ClCompile>
    <ClCompile Include="InputManager.cpp">
      <Filter>Input</Filter>
    </ClCompile>
    <ClCompile Include="Command.cpp">
      <Filter>Command</Filter>
    </ClCompile>
    <ClCompile Include="World.cpp">
      <Filter>World</Filter>
    </ClCompile>
    <ClCompile Include="CSVParser.cpp">
      <Filter>World</Filter>
    </ClCompile>
    <ClCompile Include="SimpleException.cpp">
      <Filter>SimpleException</Filter>
    </ClCompile>
    <ClCompile Include="TextComponent.cpp">
      <Filter>Components\TextComponent</Filter>
    </ClCompile>
    <ClCompile Include="RenderComponent.cpp">
      <Filter>Components\RenderComponent</Filter>
    </ClCompile>
    <ClCompile Include="StateComponent.cpp">
      <Filter>Components\StateComponent</Filter>
    </ClCompile>
    <ClCompile Include="PhysicsComponent.cpp">
      <Filter>Components\PhysicsComponent</Filter>
    </ClCompile>
    <ClCompile Include="Observer.cpp">
      <Filter>Observer</Filter>
    </ClCompile>
    <ClCompile Include="CollisionComponent.cpp">
      <Filter>Components\CollisionComponent</Filter>
    </ClCompile>
    <ClCompile Include="ResourceManager.cpp">
      <Filter>Resources\ResourceManager</Filter>
    </ClCompile>
    <ClCompile Include="SceneManager.cpp">
      <Filter>Scene\SceneManager</Filter>
    </ClCompile>
    <ClCompile Include="CollisionManager.cpp">
      <Filter>Collision\CollisionManager</Filter>
    </ClCompile>
    <ClCompile Include="CollisionBehavior.cpp">
      <Filter>Collision\CollisionBehavior</Filter>
    </ClCompile>
    <ClCompile Include="NullCollision.cpp">
      <Filter>Collision\CollisionBehavior</Filter>
    </ClCompile>
    <ClCompile Include="TileComponent.cpp">
      <Filter>World\TileComponent</Filter>
    </ClCompile>
    <ClCompile Include="SoundEffect.cpp">
      <Filter>Resources\SoundEffect</Filter>
    </ClCompile>
    <ClCompile Include="AudioPlayer.cpp">
      <Filter>AudioPlayer</Filter>
    </ClCompile>
    <ClCompile Include="InputContext.cpp">
      <Filter>Input</Filter>
    </ClCompile>
    <ClCompile Include="SpawnComponent.cpp">
      <Filter>Components\SpawnComponent</Filter>
    </ClCompile>
    <ClCompile Include="HealthComponent.cpp">
      <Filter>Components\HealthComponent</Filter>
    </ClCompile>
    <ClCompile Include="HitBehavior.cpp">
      <Filter>HitBehavior</Filter>
    </ClCompile>
    <ClCompile Include="NullHit.cpp">
      <Filter>HitBehavior</Filter>
    </ClCompile>
    <ClCompile Include="Music.cpp">
      <Filter>Resources\Music</Filter>
    </ClCompile>
  </ItemGroup>
  <ItemGroup>
    <ClInclude Include="Singleton.h" />
    <ClInclude Include="GameObject.h">
      <Filter>GameObject</Filter>
    </ClInclude>
    <ClInclude Include="Renderer.h">
      <Filter>Renderer</Filter>
    </ClInclude>
    <ClInclude Include="Scene.h">
      <Filter>Scene</Filter>
    </ClInclude>
    <ClInclude Include="ShiningEnginePCH.h">
      <Filter>Engine</Filter>
    </ClInclude>
    <ClInclude Include="ShiningEngine.h">
      <Filter>Engine</Filter>
    </ClInclude>
    <ClInclude Include="Texture2D.h">
      <Filter>Resources\Texture2D</Filter>
    </ClInclude>
    <ClInclude Include="Font.h">
      <Filter>Resources\Font</Filter>
    </ClInclude>
    <ClInclude Include="InputManager.h">
      <Filter>Input</Filter>
    </ClInclude>
    <ClInclude Include="Command.h">
      <Filter>Command</Filter>
    </ClInclude>
    <ClInclude Include="ControllerInput.h">
      <Filter>Input</Filter>
    </ClInclude>
    <ClInclude Include="World.h">
      <Filter>World</Filter>
    </ClInclude>
    <ClInclude Include="CSVParser.h">
      <Filter>World</Filter>
    </ClInclude>
    <ClInclude Include="SimpleException.h">
      <Filter>SimpleException</Filter>
    </ClInclude>
    <ClInclude Include="TextComponent.h">
      <Filter>Components\TextComponent</Filter>
    </ClInclude>
    <ClInclude Include="RenderComponent.h">
      <Filter>Components\RenderComponent</Filter>
    </ClInclude>
    <ClInclude Include="Component.h">
      <Filter>Components\Component</Filter>
    </ClInclude>
    <ClInclude Include="StateComponent.h">
      <Filter>Components\StateComponent</Filter>
    </ClInclude>
    <ClInclude Include="State.h">
      <Filter>State</Filter>
    </ClInclude>
    <ClInclude Include="PhysicsComponent.h">
      <Filter>Components\PhysicsComponent</Filter>
    </ClInclude>
    <ClInclude Include="Observer.h">
      <Filter>Observer</Filter>
    </ClInclude>
    <ClInclude Include="CollisionComponent.h">
      <Filter>Components\CollisionComponent</Filter>
    </ClInclude>
    <ClInclude Include="ResourceManager.h">
      <Filter>Resources\ResourceManager</Filter>
    </ClInclude>
    <ClInclude Include="SceneManager.h">
      <Filter>Scene\SceneManager</Filter>
    </ClInclude>
    <ClInclude Include="CollisionManager.h">
      <Filter>Collision\CollisionManager</Filter>
    </ClInclude>
    <ClInclude Include="CollisionBehavior.h">
      <Filter>Collision\CollisionBehavior</Filter>
    </ClInclude>
    <ClInclude Include="NullCollision.h">
      <Filter>Collision\CollisionBehavior</Filter>
    </ClInclude>
    <ClInclude Include="TileComponent.h">
      <Filter>World\TileComponent</Filter>
    </ClInclude>
    <ClInclude Include="SoundEffect.h">
      <Filter>Resources\SoundEffect</Filter>
    </ClInclude>
    <ClInclude Include="AudioPlayer.h">
      <Filter>AudioPlayer</Filter>
    </ClInclude>
    <ClInclude Include="InputContext.h">
      <Filter>Input</Filter>
    </ClInclude>
    <ClInclude Include="SpawnComponent.h">
      <Filter>Components\SpawnComponent</Filter>
    </ClInclude>
    <ClInclude Include="HealthComponent.h">
      <Filter>Components\HealthComponent</Filter>
    </ClInclude>
    <ClInclude Include="HitBehavior.h">
      <Filter>HitBehavior</Filter>
    </ClInclude>
    <ClInclude Include="NullHit.h">
      <Filter>HitBehavior</Filter>
    </ClInclude>
    <ClInclude Include="Music.h">
      <Filter>Resources\Music</Filter>
    </ClInclude>
  </ItemGroup>
  <ItemGroup>
    <Filter Include="GameObject">
      <UniqueIdentifier>{9f179820-34a3-4992-b12b-ad396caf4474}</UniqueIdentifier>
    </Filter>
    <Filter Include="Components">
      <UniqueIdentifier>{ad04bbea-13f0-43a4-beb9-19bcdea3087b}</UniqueIdentifier>
    </Filter>
    <Filter Include="Renderer">
      <UniqueIdentifier>{d05c31db-6e39-45ce-bfb8-27bef36d5b63}</UniqueIdentifier>
    </Filter>
    <Filter Include="Scene">
      <UniqueIdentifier>{08bef77b-b5f2-467e-8b0d-a0ec1ef6086c}</UniqueIdentifier>
    </Filter>
    <Filter Include="Engine">
      <UniqueIdentifier>{9fdac045-303e-401c-b1b0-5a14c6c79c80}</UniqueIdentifier>
    </Filter>
    <Filter Include="Input">
      <UniqueIdentifier>{5dea1320-5d15-4fa4-a951-a0bdad767243}</UniqueIdentifier>
    </Filter>
    <Filter Include="Command">
      <UniqueIdentifier>{b8dbcf92-3f0f-4a13-92e6-0dbd9a66462a}</UniqueIdentifier>
    </Filter>
    <Filter Include="World">
      <UniqueIdentifier>{de0ccc74-0327-4cad-9d10-31ccbb6cf25d}</UniqueIdentifier>
    </Filter>
    <Filter Include="SimpleException">
      <UniqueIdentifier>{225020bc-113e-43d5-ab6e-4639afbfbb82}</UniqueIdentifier>
    </Filter>
    <Filter Include="Components\TextComponent">
      <UniqueIdentifier>{1b7919a1-d868-435f-a50c-4cbf2a8b3a55}</UniqueIdentifier>
    </Filter>
    <Filter Include="Components\RenderComponent">
      <UniqueIdentifier>{d99df2d1-f68c-48f4-bb89-7c0a1db564c5}</UniqueIdentifier>
    </Filter>
    <Filter Include="Components\Component">
      <UniqueIdentifier>{7b39a91a-773a-428c-b9f6-4a7bc15094d7}</UniqueIdentifier>
    </Filter>
    <Filter Include="Components\StateComponent">
      <UniqueIdentifier>{5f11a224-7bb1-49a0-9ca6-38609dea02cb}</UniqueIdentifier>
    </Filter>
    <Filter Include="State">
      <UniqueIdentifier>{ae6d3ebf-f3fe-479c-bd2e-830b4838ea61}</UniqueIdentifier>
    </Filter>
    <Filter Include="Components\PhysicsComponent">
      <UniqueIdentifier>{c926d2ad-cfe0-4972-a800-94a9bf71323f}</UniqueIdentifier>
    </Filter>
    <Filter Include="Observer">
      <UniqueIdentifier>{fd39e735-8138-409e-9c5e-25f59d904b43}</UniqueIdentifier>
    </Filter>
    <Filter Include="Components\CollisionComponent">
      <UniqueIdentifier>{c1fd7f84-e21e-4592-abcf-2826b2da23d2}</UniqueIdentifier>
    </Filter>
    <Filter Include="World\TileComponent">
      <UniqueIdentifier>{506dd9bc-dff2-446e-816d-703f4313cde9}</UniqueIdentifier>
    </Filter>
    <Filter Include="AudioPlayer">
      <UniqueIdentifier>{dc906496-5439-4165-9a9e-e8e7efadedb9}</UniqueIdentifier>
    </Filter>
    <Filter Include="Scene\SceneManager">
      <UniqueIdentifier>{49e5dc9d-b0ee-4697-af28-4a22e7cf0af8}</UniqueIdentifier>
    </Filter>
    <Filter Include="Resources">
      <UniqueIdentifier>{8602fae0-9bb1-4f4e-b285-704c2666fffc}</UniqueIdentifier>
    </Filter>
    <Filter Include="Resources\Font">
      <UniqueIdentifier>{d3a2915c-c144-439a-ba67-3c4ae46f71ec}</UniqueIdentifier>
    </Filter>
    <Filter Include="Resources\Texture2D">
      <UniqueIdentifier>{8e43e0be-68fb-4bf3-b874-cbb69e4ef872}</UniqueIdentifier>
    </Filter>
    <Filter Include="Resources\SoundEffect">
      <UniqueIdentifier>{69617c3e-cba4-44be-bf2c-0b8717a0c55c}</UniqueIdentifier>
    </Filter>
    <Filter Include="Resources\ResourceManager">
      <UniqueIdentifier>{788073bf-06c8-4d73-bdbd-05bf8a286e27}</UniqueIdentifier>
    </Filter>
    <Filter Include="Collision">
      <UniqueIdentifier>{659a16af-471b-4aa1-a1ba-f745c071267a}</UniqueIdentifier>
    </Filter>
    <Filter Include="Collision\CollisionBehavior">
      <UniqueIdentifier>{c15b6564-217b-4271-8e74-7e3c1d7029f7}</UniqueIdentifier>
    </Filter>
    <Filter Include="Collision\CollisionManager">
      <UniqueIdentifier>{a664bb25-ca6d-4dd2-a5fb-b4a33e463e0f}</UniqueIdentifier>
    </Filter>
    <Filter Include="Components\SpawnComponent">
      <UniqueIdentifier>{e079ec47-48fa-4715-a89f-2bb6899084ee}</UniqueIdentifier>
    </Filter>
    <Filter Include="Components\HealthComponent">
      <UniqueIdentifier>{179e3608-1698-4d59-ac86-ad4b67e06dde}</UniqueIdentifier>
    </Filter>
    <Filter Include="HitBehavior">
      <UniqueIdentifier>{87ae9555-76cc-4166-a617-415a923f5852}</UniqueIdentifier>
    </Filter>
    <Filter Include="Resources\Music">
      <UniqueIdentifier>{1418528b-18b8-4dfa-8fbb-7d9b539ba71a}</UniqueIdentifier>
    </Filter>
  </ItemGroup>
</Project>